{
  "name": "npm-package-test",
  "version": "1.0.0",
  "lockfileVersion": 1,
  "requires": true,
  "dependencies": {
    "aphrodite": {
      "version": "1.2.5",
      "resolved": "https://cernerrepos.net:443/api/npm/npm/aphrodite/-/aphrodite-1.2.5.tgz",
      "integrity": "sha1-g1jDbIC7A67puXFlqqcBhiJbSYM=",
      "requires": {
        "asap": "2.0.6",
        "inline-style-prefixer": "3.0.8",
        "string-hash": "1.1.3"
      }
    },
    "asap": {
      "version": "2.0.6",
      "resolved": "https://cernerrepos.net:443/api/npm/npm/asap/-/asap-2.0.6.tgz",
      "integrity": "sha1-5QNHYR1+aQlDIIu9r+vLwvuGbUY="
    },
    "bowser": {
      "version": "1.8.1",
      "resolved": "https://cernerrepos.net:443/api/npm/npm/bowser/-/bowser-1.8.1.tgz",
      "integrity": "sha1-SXhXd+cwL+utsaW3HZpkZSDtMQ0="
    },
    "classnames": {
      "version": "2.2.5",
      "resolved": "https://cernerrepos.net:443/api/npm/npm/classnames/-/classnames-2.2.5.tgz",
      "integrity": "sha1-+zgB1FNGdknvNgPH1hoCvRKb3m0="
    },
    "core-js": {
      "version": "1.2.7",
      "resolved": "https://cernerrepos.net:443/api/npm/npm/core-js/-/core-js-1.2.7.tgz",
      "integrity": "sha1-ZSKUwUZR2yj6k70tX/KYOk8IxjY="
    },
    "create-react-class": {
      "version": "15.6.2",
      "resolved": "https://cernerrepos.net:443/api/npm/npm/create-react-class/-/create-react-class-15.6.2.tgz",
      "integrity": "sha1-zx7RXxKq1/FO9fLf4F5sQvke8Co=",
      "requires": {
        "fbjs": "0.8.16",
        "loose-envify": "1.3.1",
        "object-assign": "4.1.1"
      }
    },
    "css-in-js-utils": {
      "version": "2.0.0",
      "resolved": "https://cernerrepos.net:443/api/npm/npm/css-in-js-utils/-/css-in-js-utils-2.0.0.tgz",
      "integrity": "sha1-WvHdcPSwazMfSNIqPYbgeGwLlDU=",
      "requires": {
        "hyphenate-style-name": "1.0.2"
      }
    },
    "encoding": {
      "version": "0.1.12",
      "resolved": "https://cernerrepos.net:443/api/npm/npm/encoding/-/encoding-0.1.12.tgz",
      "integrity": "sha1-U4tm8+5izRq1HsMjgp0flIDHS+s=",
      "requires": {
        "iconv-lite": "0.4.19"
      }
    },
    "fbjs": {
      "version": "0.8.16",
      "resolved": "https://cernerrepos.net:443/api/npm/npm/fbjs/-/fbjs-0.8.16.tgz",
      "integrity": "sha1-XmdDL1UNxBtXK/VYR7ispk5TN9s=",
      "requires": {
        "core-js": "1.2.7",
        "isomorphic-fetch": "2.2.1",
        "loose-envify": "1.3.1",
        "object-assign": "4.1.1",
        "promise": "7.3.1",
        "setimmediate": "1.0.5",
        "ua-parser-js": "0.7.17"
      }
    },
    "focus-trap": {
      "version": "2.3.1",
      "resolved": "https://cernerrepos.net:443/api/npm/npm/focus-trap/-/focus-trap-2.3.1.tgz",
      "integrity": "sha1-9PuGz+baONxlKzc+n0K6R26rHBQ=",
      "requires": {
        "tabbable": "1.1.1"
      }
    },
    "focus-trap-react": {
      "version": "3.0.5",
      "resolved": "https://cernerrepos.net:443/api/npm/npm/focus-trap-react/-/focus-trap-react-3.0.5.tgz",
      "integrity": "sha1-j7OBuS6v4HXCQGKX0dphhlDTcUM=",
      "requires": {
        "focus-trap": "2.3.1"
      }
    },
    "healthelastic-react": {
      "version": "git+https://github.cerner.com/HealtheLife/healthelastic-react.git#252a6b63231ee707994af53d2fcc7799e2a677d6",
      "requires": {
        "js-cookie": "2.1.3",
        "js-md5": "0.4.2",
        "prop-types": "15.6.0",
        "query-string": "4.3.4",
        "react": "15.6.2",
        "react-dom": "15.6.2",
        "react-intl": "2.4.0",
        "react-router-dom": "4.2.2",
        "terra-base": "2.6.1",
        "terra-consumer-icon": "1.2.2",
        "terra-consumer-layout": "0.2.2",
        "terra-dynamic-grid": "1.6.1",
        "ua-parser-js": "0.7.17"
      }
    },
    "history": {
      "version": "4.7.2",
      "resolved": "https://cernerrepos.net:443/api/npm/npm/history/-/history-4.7.2.tgz",
      "integrity": "sha1-IrXH8xYzxbgCHH9KipVKwTnujVs=",
      "requires": {
        "invariant": "2.2.2",
        "loose-envify": "1.3.1",
        "resolve-pathname": "2.2.0",
        "value-equal": "0.4.0",
        "warning": "3.0.0"
      }
    },
    "hoist-non-react-statics": {
      "version": "2.3.1",
      "resolved": "https://cernerrepos.net:443/api/npm/npm/hoist-non-react-statics/-/hoist-non-react-statics-2.3.1.tgz",
      "integrity": "sha1-ND24TGAYxlB3iJgkATWhQg7iLOA="
    },
    "hyphenate-style-name": {
      "version": "1.0.2",
      "resolved": "https://cernerrepos.net:443/api/npm/npm/hyphenate-style-name/-/hyphenate-style-name-1.0.2.tgz",
      "integrity": "sha1-MRYKNpMK2vH8BMYHT360FGXU7Es="
    },
    "iconv-lite": {
      "version": "0.4.19",
      "resolved": "https://cernerrepos.net:443/api/npm/npm/iconv-lite/-/iconv-lite-0.4.19.tgz",
      "integrity": "sha1-90aPYBNfXl2tM5nAqBvpoWA6CCs="
    },
    "inline-style-prefixer": {
      "version": "3.0.8",
      "resolved": "https://cernerrepos.net:443/api/npm/npm/inline-style-prefixer/-/inline-style-prefixer-3.0.8.tgz",
      "integrity": "sha1-hVG45bTVcyROZqNLBPfTIHaitTQ=",
      "requires": {
        "bowser": "1.8.1",
        "css-in-js-utils": "2.0.0"
      }
    },
    "intl": {
      "version": "1.2.5",
      "resolved": "https://cernerrepos.net:443/api/npm/npm/intl/-/intl-1.2.5.tgz",
      "integrity": "sha1-giRKIZDE5Bn4Nx9ao02qNCDiq94="
    },
    "intl-format-cache": {
      "version": "2.1.0",
      "resolved": "https://cernerrepos.net:443/api/npm/npm/intl-format-cache/-/intl-format-cache-2.1.0.tgz",
      "integrity": "sha1-BKNp/sv61tpgBbrh8UMzMy3PkxY="
    },
    "intl-messageformat": {
      "version": "2.2.0",
      "resolved": "https://cernerrepos.net:443/api/npm/npm/intl-messageformat/-/intl-messageformat-2.2.0.tgz",
      "integrity": "sha1-NFvNRt5jC3aDMwwuUhd/9eq0hPw=",
      "requires": {
        "intl-messageformat-parser": "1.4.0"
      }
    },
    "intl-messageformat-parser": {
      "version": "1.4.0",
      "resolved": "https://cernerrepos.net:443/api/npm/npm/intl-messageformat-parser/-/intl-messageformat-parser-1.4.0.tgz",
      "integrity": "sha1-tD1FqXRoytvkQzHXS7Ho3qRPwHU="
    },
    "intl-relativeformat": {
      "version": "2.1.0",
      "resolved": "https://cernerrepos.net:443/api/npm/npm/intl-relativeformat/-/intl-relativeformat-2.1.0.tgz",
      "integrity": "sha1-AQ8RBYAiUfQKxH0OPhogE0iiVd8=",
      "requires": {
        "intl-messageformat": "2.2.0"
      }
    },
    "invariant": {
      "version": "2.2.2",
      "resolved": "https://cernerrepos.net:443/api/npm/npm/invariant/-/invariant-2.2.2.tgz",
      "integrity": "sha1-nh9WrArNtr8wMwbzOL47IErmA2A=",
      "requires": {
        "loose-envify": "1.3.1"
      }
    },
    "is-stream": {
      "version": "1.1.0",
      "resolved": "https://cernerrepos.net:443/api/npm/npm/is-stream/-/is-stream-1.1.0.tgz",
      "integrity": "sha1-EtSj3U5o4Lec6428hBc66A2RykQ="
    },
    "isarray": {
      "version": "0.0.1",
      "resolved": "https://cernerrepos.net:443/api/npm/npm/isarray/-/isarray-0.0.1.tgz",
      "integrity": "sha1-ihis/Kmo9Bd+Cav8YDiTmwXR7t8="
    },
    "isomorphic-fetch": {
      "version": "2.2.1",
      "resolved": "https://cernerrepos.net:443/api/npm/npm/isomorphic-fetch/-/isomorphic-fetch-2.2.1.tgz",
      "integrity": "sha1-YRrhrPFPXoH3KVB0coGf6XM1WKk=",
      "requires": {
        "node-fetch": "1.7.3",
        "whatwg-fetch": "2.0.3"
      }
    },
    "js-cookie": {
      "version": "2.1.3",
      "resolved": "https://cernerrepos.net:443/api/npm/npm/js-cookie/-/js-cookie-2.1.3.tgz",
      "integrity": "sha1-SAcWJSF6yez6uMNDoT1C7An/BSY="
    },
    "js-md5": {
      "version": "0.4.2",
      "resolved": "https://cernerrepos.net:443/api/npm/npm/js-md5/-/js-md5-0.4.2.tgz",
      "integrity": "sha1-ihIx5gqzkqbTp1221TLsDFlme8M="
    },
    "js-tokens": {
      "version": "3.0.2",
      "resolved": "https://cernerrepos.net:443/api/npm/npm/js-tokens/-/js-tokens-3.0.2.tgz",
      "integrity": "sha1-mGbfOVECEw449/mWvOtlRDIJwls="
    },
    "loose-envify": {
      "version": "1.3.1",
      "resolved": "https://cernerrepos.net:443/api/npm/npm/loose-envify/-/loose-envify-1.3.1.tgz",
      "integrity": "sha1-0aitM/qc4OcT1l/dCsi3SNR4yEg=",
      "requires": {
        "js-tokens": "3.0.2"
      }
    },
    "node-fetch": {
      "version": "1.7.3",
      "resolved": "https://cernerrepos.net:443/api/npm/npm/node-fetch/-/node-fetch-1.7.3.tgz",
      "integrity": "sha1-mA9vcthSEaU0fGsrwYxbhMPrR+8=",
      "requires": {
        "encoding": "0.1.12",
        "is-stream": "1.1.0"
      }
    },
    "object-assign": {
      "version": "4.1.1",
      "resolved": "https://cernerrepos.net:443/api/npm/npm/object-assign/-/object-assign-4.1.1.tgz",
      "integrity": "sha1-IQmtx5ZYh8/AXLvUQsrIv7s2CGM="
    },
    "path-to-regexp": {
      "version": "1.7.0",
      "resolved": "https://cernerrepos.net:443/api/npm/npm/path-to-regexp/-/path-to-regexp-1.7.0.tgz",
      "integrity": "sha1-Wf3g9DW62suhA6hOnTvGTpa5k30=",
      "requires": {
        "isarray": "0.0.1"
      }
    },
    "promise": {
      "version": "7.3.1",
      "resolved": "https://cernerrepos.net:443/api/npm/npm/promise/-/promise-7.3.1.tgz",
      "integrity": "sha1-BktyYCsY+Q8pGSuLG8QY/9Hr078=",
      "requires": {
        "asap": "2.0.6"
      }
    },
    "prop-types": {
      "version": "15.6.0",
      "resolved": "https://cernerrepos.net:443/api/npm/npm/prop-types/-/prop-types-15.6.0.tgz",
      "integrity": "sha1-zq8IMCL8RrSjX2nhPvda7Q1jmFY=",
      "requires": {
        "fbjs": "0.8.16",
        "loose-envify": "1.3.1",
        "object-assign": "4.1.1"
      }
    },
    "query-string": {
      "version": "4.3.4",
      "resolved": "https://cernerrepos.net:443/api/npm/npm/query-string/-/query-string-4.3.4.tgz",
      "integrity": "sha1-u7aTucqRXCMlFbIosaArYJBD2+s=",
      "requires": {
        "object-assign": "4.1.1",
        "strict-uri-encode": "1.1.0"
      }
    },
    "react": {
      "version": "15.6.2",
      "resolved": "https://cernerrepos.net:443/api/npm/npm/react/-/react-15.6.2.tgz",
      "integrity": "sha1-26BDSrQ5z+gvEI8PURZjkIF5qnI=",
      "requires": {
        "create-react-class": "15.6.2",
        "fbjs": "0.8.16",
        "loose-envify": "1.3.1",
        "object-assign": "4.1.1",
        "prop-types": "15.6.0"
      }
    },
    "react-animate-height": {
      "version": "0.9.13",
      "resolved": "https://cernerrepos.net:443/api/npm/npm/react-animate-height/-/react-animate-height-0.9.13.tgz",
      "integrity": "sha1-3QEZbaPncqN6yldwBj0Db3nV+tU=",
      "requires": {
        "classnames": "2.2.5",
        "prop-types": "15.6.0"
      }
    },
    "react-dom": {
      "version": "15.6.2",
      "resolved": "https://cernerrepos.net:443/api/npm/npm/react-dom/-/react-dom-15.6.2.tgz",
      "integrity": "sha1-Qc+t9pO3V/rycIRDodH9WgK+9zA=",
      "requires": {
        "fbjs": "0.8.16",
        "loose-envify": "1.3.1",
        "object-assign": "4.1.1",
        "prop-types": "15.6.0"
      }
    },
    "react-intl": {
      "version": "2.4.0",
      "resolved": "https://cernerrepos.net:443/api/npm/npm/react-intl/-/react-intl-2.4.0.tgz",
      "integrity": "sha1-ZsFNyd+ac7L7v71gIXJugKYT6xU=",
      "requires": {
        "intl-format-cache": "2.1.0",
        "intl-messageformat": "2.2.0",
        "intl-relativeformat": "2.1.0",
        "invariant": "2.2.2"
      }
    },
    "react-onclickoutside": {
      "version": "5.11.1",
      "resolved": "https://cernerrepos.net:443/api/npm/npm/react-onclickoutside/-/react-onclickoutside-5.11.1.tgz",
      "integrity": "sha1-ADFOUlZ89V+rqUyrus0RlhkHBiM=",
      "requires": {
        "create-react-class": "15.6.2"
      }
    },
    "react-portal": {
      "version": "3.2.0",
      "resolved": "https://cernerrepos.net:443/api/npm/npm/react-portal/-/react-portal-3.2.0.tgz",
      "integrity": "sha1-QiThmysF1cvnMKe6DjTsdYXeAEM=",
      "requires": {
        "prop-types": "15.6.0"
      }
    },
    "react-router": {
      "version": "4.2.0",
      "resolved": "https://cernerrepos.net:443/api/npm/npm/react-router/-/react-router-4.2.0.tgz",
      "integrity": "sha1-Yfez43cNrrJAYtrj7t7xsFQVWYY=",
      "requires": {
        "history": "4.7.2",
        "hoist-non-react-statics": "2.3.1",
        "invariant": "2.2.2",
        "loose-envify": "1.3.1",
        "path-to-regexp": "1.7.0",
        "prop-types": "15.6.0",
        "warning": "3.0.0"
      }
    },
    "react-router-dom": {
      "version": "4.2.2",
      "resolved": "https://cernerrepos.net:443/api/npm/npm/react-router-dom/-/react-router-dom-4.2.2.tgz",
      "integrity": "sha1-yKgd863Fi7qKdngulGy9Tq5km40=",
      "requires": {
        "history": "4.7.2",
        "invariant": "2.2.2",
        "loose-envify": "1.3.1",
        "prop-types": "15.6.0",
        "react-router": "4.2.0",
        "warning": "3.0.0"
      }
    },
    "resize-observer-polyfill": {
      "version": "1.4.2",
      "resolved": "https://cernerrepos.net:443/api/npm/npm/resize-observer-polyfill/-/resize-observer-polyfill-1.4.2.tgz",
      "integrity": "sha1-o3GY5iCeiIrLFTKplo4G04tniOU="
    },
    "resolve-pathname": {
      "version": "2.2.0",
      "resolved": "https://cernerrepos.net:443/api/npm/npm/resolve-pathname/-/resolve-pathname-2.2.0.tgz",
      "integrity": "sha1-fpriHtgV/WOrGJre7mTcgx7vqHk="
    },
    "setimmediate": {
      "version": "1.0.5",
      "resolved": "https://cernerrepos.net:443/api/npm/npm/setimmediate/-/setimmediate-1.0.5.tgz",
      "integrity": "sha1-KQy7Iy4waULX1+qbg3Mqt4VvgoU="
    },
    "strict-uri-encode": {
      "version": "1.1.0",
      "resolved": "https://cernerrepos.net:443/api/npm/npm/strict-uri-encode/-/strict-uri-encode-1.1.0.tgz",
      "integrity": "sha1-J5siXfHVgrH1TmWt3UNS4Y+qBxM="
    },
    "string-hash": {
      "version": "1.1.3",
      "resolved": "https://cernerrepos.net:443/api/npm/npm/string-hash/-/string-hash-1.1.3.tgz",
      "integrity": "sha1-6Kr8CsGFW0Zmkp7X3RJ1311sgRs="
    },
    "tabbable": {
      "version": "1.1.1",
      "resolved": "https://cernerrepos.net:443/api/npm/npm/tabbable/-/tabbable-1.1.1.tgz",
      "integrity": "sha1-iGGMqg3Hbod1cqZ48K2XUZu6Z2E="
    },
    "terra-arrange": {
      "version": "1.14.0",
      "resolved": "https://cernerrepos.net:443/api/npm/npm/terra-arrange/-/terra-arrange-1.14.0.tgz",
      "integrity": "sha1-UlCbTdccoC+tDp/sJ3z2q7TcQkY=",
      "requires": {
        "classnames": "2.2.5",
        "prop-types": "15.6.0",
        "terra-base": "2.6.1"
      }
    },
    "terra-base": {
      "version": "2.6.1",
      "resolved": "https://cernerrepos.net:443/api/npm/npm/terra-base/-/terra-base-2.6.1.tgz",
      "integrity": "sha1-QWknVhom77Ag3+SjiT3K7y2kYKw=",
      "requires": {
        "classnames": "2.2.5",
        "prop-types": "15.6.0",
        "terra-i18n": "1.10.1",
        "terra-mixins": "1.11.1"
      }
    },
    "terra-button": {
      "version": "1.12.0",
      "resolved": "https://cernerrepos.net:443/api/npm/npm/terra-button/-/terra-button-1.12.0.tgz",
      "integrity": "sha1-7dH+bbVKixyPAj/pWZOwiznnCks=",
      "requires": {
        "classnames": "2.2.5",
        "prop-types": "15.6.0",
        "terra-base": "2.6.1"
      }
    },
    "terra-card": {
      "version": "1.6.1",
      "resolved": "https://cernerrepos.net:443/api/npm/npm/terra-card/-/terra-card-1.6.1.tgz",
      "integrity": "sha1-NCWyj4WAe0BZkGtzyOHoWmgyVpM=",
      "requires": {
        "classnames": "2.2.5",
        "prop-types": "15.6.0",
        "terra-base": "2.6.1",
        "terra-mixins": "1.11.1"
      }
    },
    "terra-consumer-icon": {
      "version": "1.2.2",
      "resolved": "https://cernerrepos.net:443/api/npm/npm/terra-consumer-icon/-/terra-consumer-icon-1.2.2.tgz",
      "integrity": "sha1-v4PEZzU3mecSPPVXP2cnzSwWKuU=",
      "requires": {
        "classnames": "2.2.5",
        "prop-types": "15.6.0",
        "terra-base": "2.6.1",
        "terra-icon": "1.13.0"
      }
    },
    "terra-consumer-layout": {
      "version": "0.2.2",
      "resolved": "https://cernerrepos.net:443/api/npm/npm/terra-consumer-layout/-/terra-consumer-layout-0.2.2.tgz",
      "integrity": "sha1-2P8sdCbIXBUr0LF4LbB9pL+ByaI=",
      "requires": {
        "classnames": "2.2.5",
        "prop-types": "15.6.0",
        "react-intl": "2.4.0",
        "terra-base": "1.4.0",
        "terra-consumer-icon": "1.2.2",
        "terra-consumer-nav": "0.2.8",
        "terra-i18n": "1.10.1",
        "terra-icon": "1.13.0",
        "terra-overlay": "1.12.0",
        "terra-responsive-element": "1.11.1"
      },
      "dependencies": {
        "terra-base": {
          "version": "1.4.0",
          "resolved": "https://cernerrepos.net:443/api/npm/npm/terra-base/-/terra-base-1.4.0.tgz",
          "integrity": "sha1-lw7z/S0iLa+0H9froEJxJsemOPE=",
          "requires": {
            "classnames": "2.2.5",
            "prop-types": "15.6.0",
            "terra-i18n": "1.10.1"
          }
        }
      }
    },
    "terra-consumer-nav": {
      "version": "0.2.8",
      "resolved": "https://cernerrepos.net:443/api/npm/npm/terra-consumer-nav/-/terra-consumer-nav-0.2.8.tgz",
      "integrity": "sha1-/HKj/LEIebDNKuHHn2Wst58rvQY=",
      "requires": {
        "classnames": "2.2.5",
        "prop-types": "15.6.0",
        "react-intl": "2.4.0",
        "react-router-dom": "4.2.2",
        "terra-arrange": "1.14.0",
        "terra-base": "2.6.1",
        "terra-button": "1.12.0",
        "terra-card": "1.6.1",
        "terra-consumer-icon": "1.2.2",
        "terra-i18n": "1.10.1",
        "terra-icon": "1.13.0",
        "terra-mixins": "1.11.1",
        "terra-overlay": "1.12.0",
        "terra-popup": "1.14.0",
        "terra-responsive-element": "1.11.1",
        "terra-status": "1.14.0",
        "terra-toggle": "1.11.1"
      }
    },
    "terra-content-container": {
      "version": "1.11.1",
      "resolved": "https://cernerrepos.net:443/api/npm/npm/terra-content-container/-/terra-content-container-1.11.1.tgz",
      "integrity": "sha1-k4E6rm5mUaPOftcwNg0Ec5R+jCQ=",
      "requires": {
        "classnames": "2.2.5",
        "prop-types": "15.6.0",
        "terra-base": "2.6.1"
      }
    },
    "terra-dynamic-grid": {
      "version": "1.6.1",
      "resolved": "https://cernerrepos.net:443/api/npm/npm/terra-dynamic-grid/-/terra-dynamic-grid-1.6.1.tgz",
      "integrity": "sha1-7WM3opIxohY5OgocR8VRMGvBMh8=",
      "requires": {
        "aphrodite": "1.2.5",
        "classnames": "2.2.5",
        "prop-types": "15.6.0",
        "terra-base": "2.6.1"
      }
    },
    "terra-hookshot": {
      "version": "1.2.0",
      "resolved": "https://cernerrepos.net:443/api/npm/npm/terra-hookshot/-/terra-hookshot-1.2.0.tgz",
      "integrity": "sha1-na/oW5Bn7t0UAyy+VfwavmgV1eU=",
      "requires": {
        "classnames": "2.2.5",
        "prop-types": "15.6.0",
        "react-onclickoutside": "5.11.1",
        "react-portal": "3.2.0",
        "resize-observer-polyfill": "1.4.2",
        "terra-base": "2.6.1"
      }
    },
    "terra-i18n": {
      "version": "1.10.1",
      "resolved": "https://cernerrepos.net:443/api/npm/npm/terra-i18n/-/terra-i18n-1.10.1.tgz",
      "integrity": "sha1-8awrMIHl7rMo1E6WrZPggVg5aro=",
      "requires": {
        "classnames": "2.2.5",
        "intl": "1.2.5",
        "prop-types": "15.6.0",
        "react-intl": "2.4.0"
      }
    },
    "terra-icon": {
      "version": "1.13.0",
      "resolved": "https://cernerrepos.net:443/api/npm/npm/terra-icon/-/terra-icon-1.13.0.tgz",
      "integrity": "sha1-Xi5QakwjRZoDX854zd2bVBLV+LI=",
      "requires": {
        "classnames": "2.2.5",
        "prop-types": "15.6.0",
        "terra-base": "2.6.1"
      }
    },
    "terra-mixins": {
      "version": "1.11.1",
      "resolved": "https://cernerrepos.net:443/api/npm/npm/terra-mixins/-/terra-mixins-1.11.1.tgz",
      "integrity": "sha1-/J1CMITPZke+3LbsgYmG1Iyg9DA="
    },
    "terra-overlay": {
      "version": "1.12.0",
      "resolved": "https://cernerrepos.net:443/api/npm/npm/terra-overlay/-/terra-overlay-1.12.0.tgz",
      "integrity": "sha1-ojoTANv1Q+w6xOwj8ZNLEER5kio=",
      "requires": {
        "classnames": "2.2.5",
        "focus-trap-react": "3.0.5",
        "prop-types": "15.6.0",
        "terra-base": "2.6.1",
        "terra-icon": "1.13.0"
      }
    },
    "terra-popup": {
      "version": "1.14.0",
      "resolved": "https://cernerrepos.net:443/api/npm/npm/terra-popup/-/terra-popup-1.14.0.tgz",
      "integrity": "sha1-x0ZlCpL+o5DRVsqn45mtcDxcAqg=",
      "requires": {
        "classnames": "2.2.5",
        "focus-trap-react": "3.0.5",
        "prop-types": "15.6.0",
        "react-portal": "3.2.0",
        "terra-base": "2.6.1",
        "terra-content-container": "1.11.1",
        "terra-hookshot": "1.2.0",
        "terra-icon": "1.13.0"
      }
    },
    "terra-responsive-element": {
      "version": "1.11.1",
      "resolved": "https://cernerrepos.net:443/api/npm/npm/terra-responsive-element/-/terra-responsive-element-1.11.1.tgz",
      "integrity": "sha1-GhGdptuHXPe2X1Sq8Gbr+GZE9jg=",
      "requires": {
        "prop-types": "15.6.0",
        "resize-observer-polyfill": "1.4.2",
        "terra-base": "2.6.1"
      }
    },
    "terra-status": {
      "version": "1.14.0",
      "resolved": "https://cernerrepos.net:443/api/npm/npm/terra-status/-/terra-status-1.14.0.tgz",
      "integrity": "sha1-k0mCiHqZRkS9fXHcA9pTBz7tXpQ=",
      "requires": {
        "classnames": "2.2.5",
        "prop-types": "15.6.0",
        "terra-base": "2.6.1"
      }
    },
    "terra-toggle": {
      "version": "1.11.1",
      "resolved": "https://cernerrepos.net:443/api/npm/npm/terra-toggle/-/terra-toggle-1.11.1.tgz",
      "integrity": "sha1-maJCkiMjEmCqlMahOfy04nWR5fU=",
      "requires": {
        "classnames": "2.2.5",
        "prop-types": "15.6.0",
        "react-animate-height": "0.9.13",
        "terra-base": "2.6.1"
      }
    },
    "test-package-json-scripts": {
      "version": "git+https://github.com/AlexanderOMara/test-package-json-scripts.git#3175fbc861fe054ee8a9a9524a7b62733fa75107"
    },
    "ua-parser-js": {
      "version": "0.7.17",
      "resolved": "https://cernerrepos.net:443/api/npm/npm/ua-parser-js/-/ua-parser-js-0.7.17.tgz",
      "integrity": "sha1-6exflJi57JEOeuOsYmqAXE0J7Kw="
    },
    "value-equal": {
      "version": "0.4.0",
      "resolved": "https://cernerrepos.net:443/api/npm/npm/value-equal/-/value-equal-0.4.0.tgz",
      "integrity": "sha1-xb3S9U7gk8BIOdcc4uR1imiQq8c="
    },
    "warning": {
      "version": "3.0.0",
      "resolved": "https://cernerrepos.net:443/api/npm/npm/warning/-/warning-3.0.0.tgz",
      "integrity": "sha1-MuU3fLVy3kqwR1O9+IIcAe1gW3w=",
      "requires": {
        "loose-envify": "1.3.1"
      }
    },
    "whatwg-fetch": {
      "version": "2.0.3",
      "resolved": "https://cernerrepos.net:443/api/npm/npm/whatwg-fetch/-/whatwg-fetch-2.0.3.tgz",
      "integrity": "sha1-nITsLc9oGH/wC8ZOEnS0QhduHIQ="
    }
  }
}
